
Microsoft Visual Studio Solution File, Format Version 12.00
# Visual Studio Version 17
VisualStudioVersion = 17.6.33801.468
MinimumVisualStudioVersion = 10.0.40219.1
Project("{9A19103F-16F7-4668-BE54-9A1E7A4F7556}") = "Projeto rpg", "Projeto rpg\Projeto rpg.csproj", "{88524CE8-EDC3-4D0F-A643-79C514F99B3A}"
EndProject
Global
	GlobalSection(SolutionConfigurationPlatforms) = preSolution
		Debug|Any CPU = Debug|Any CPU
		Debug|x64 = Debug|x64
		Release|Any CPU = Release|Any CPU
		Release|x64 = Release|x64
		Test|Any CPU = Test|Any CPU
		Test|x64 = Test|x64
	EndGlobalSection
	GlobalSection(ProjectConfigurationPlatforms) = postSolution
		{88524CE8-EDC3-4D0F-A643-79C514F99B3A}.Debug|Any CPU.ActiveCfg = Debug|Any CPU
		{88524CE8-EDC3-4D0F-A643-79C514F99B3A}.Debug|Any CPU.Build.0 = Debug|Any CPU
		{88524CE8-EDC3-4D0F-A643-79C514F99B3A}.Debug|x64.ActiveCfg = Debug|x64
		{88524CE8-EDC3-4D0F-A643-79C514F99B3A}.Debug|x64.Build.0 = Debug|x64
		{88524CE8-EDC3-4D0F-A643-79C514F99B3A}.Release|Any CPU.ActiveCfg = Release|Any CPU
		{88524CE8-EDC3-4D0F-A643-79C514F99B3A}.Release|Any CPU.Build.0 = Release|Any CPU
		{88524CE8-EDC3-4D0F-A643-79C514F99B3A}.Release|x64.ActiveCfg = Release|x64
		{88524CE8-EDC3-4D0F-A643-79C514F99B3A}.Release|x64.Build.0 = Release|x64
		{88524CE8-EDC3-4D0F-A643-79C514F99B3A}.Test|Any CPU.ActiveCfg = Test|Any CPU
		{88524CE8-EDC3-4D0F-A643-79C514F99B3A}.Test|Any CPU.Build.0 = Test|Any CPU
		{88524CE8-EDC3-4D0F-A643-79C514F99B3A}.Test|x64.ActiveCfg = Test|Any CPU
		{88524CE8-EDC3-4D0F-A643-79C514F99B3A}.Test|x64.Build.0 = Test|Any CPU
	EndGlobalSection
	GlobalSection(SolutionProperties) = preSolution
		HideSolutionNode = FALSE
	EndGlobalSection
	GlobalSection(ExtensibilityGlobals) = postSolution
		SolutionGuid = {229538CB-CCD9-4862-9DF3-A396A69B8025}
	EndGlobalSection
EndGlobal
